
Microsoft Visual Studio Solution File, Format Version 12.00
# Visual Studio Version 16
VisualStudioVersion = 16.0.29311.281
MinimumVisualStudioVersion = 10.0.40219.1
Project("{9A19103F-16F7-4668-BE54-9A1E7A4F7556}") = "DotNetObjectRef", "DotNetObjectRef\DotNetObjectRef.csproj", "{59D5C7CC-D8E5-4B7F-B210-CECA2389639D}"
EndProject
Global
	GlobalSection(SolutionConfigurationPlatforms) = preSolution
		Debug|Any CPU = Debug|Any CPU
		Release|Any CPU = Release|Any CPU
	EndGlobalSection
	GlobalSection(ProjectConfigurationPlatforms) = postSolution
		{59D5C7CC-D8E5-4B7F-B210-CECA2389639D}.Debug|Any CPU.ActiveCfg = Debug|Any CPU
		{59D5C7CC-D8E5-4B7F-B210-CECA2389639D}.Debug|Any CPU.Build.0 = Debug|Any CPU
		{59D5C7CC-D8E5-4B7F-B210-CECA2389639D}.Release|Any CPU.ActiveCfg = Release|Any CPU
		{59D5C7CC-D8E5-4B7F-B210-CECA2389639D}.Release|Any CPU.Build.0 = Release|Any CPU
	EndGlobalSection
	GlobalSection(SolutionProperties) = preSolution
		HideSolutionNode = FALSE
	EndGlobalSection
	GlobalSection(ExtensibilityGlobals) = postSolution
		SolutionGuid = {5AD364AD-B0DC-4837-8AEC-E8CF0C8DB0AF}
	EndGlobalSection
EndGlobal
